{
  "name": "psg-selling-tools",
  "lockfileVersion": 3,
  "requires": true,
  "packages": {
    "": {
      "name": "psg-selling-tools",
      "dependencies": {
        "@netlify/identity": "^2.0.0"
      },
      "devDependencies": {
        "@netlify/functions": "^6.0.2"
      }
    },
    "node_modules/@netlify/functions": {
      "version": "6.0.2",
      "resolved": "https://registry.npmjs.org/@netlify/functions/-/functions-6.0.2.tgz",
      "integrity": "sha512-JqbPgAOt2GAwzCEitdEWAHOn6AkZ0Rna401wdAyuDIBiDv9M03b3Cu5mGH7/eHOmIXfZIcN1pG35flHjfu6asQ==",
      "dev": true,
      "license": "MIT",
      "dependencies": {
        "@netlify/types": "3.2.0"
      },
      "engines": {
        "node": ">=22.12.0"
      }
    },
    "node_modules/@netlify/identity": {
      "version": "2.0.0",
      "resolved": "https://registry.npmjs.org/@netlify/identity/-/identity-2.0.0.tgz",
      "integrity": "sha512-AX2zdazgfa9M/L22kgC5TpuVgofz9ZkK0W7JRIqmW/In6LyW6HzLS2K9a3CPXlfcjWm1JqEdmXoXze3VIjes6Q==",
      "license": "MIT",
      "dependencies": {
        "gotrue-js": "^1.0.1"
      },
      "engines": {
        "node": ">=22.12.0"
      }
    },
    "node_modules/@netlify/types": {
      "version": "3.2.0",
      "resolved": "https://registry.npmjs.org/@netlify/types/-/types-3.2.0.tgz",
      "integrity": "sha512-PVvY1EEN9i2Er0LQoiyNG7i/BnwnttLuZqIkBnhL2Jrcj3P5N/NcGkv1i20MJ2ngNGSPQcT7tagDmF3V6BsdWg==",
      "dev": true,
      "license": "MIT",
      "engines": {
        "node": ">=22.12.0"
      }
    },
    "node_modules/gotrue-js": {
      "version": "1.0.1",
      "resolved": "https://registry.npmjs.org/gotrue-js/-/gotrue-js-1.0.1.tgz",
      "integrity": "sha512-ZynwwM4bEo2y5yNWO3/Ynbx1AvQz9ONJSM9tB1jpooAvDPevGdvgeFP3NwM59FAlkd0szSkQRAhjINMkJSDfAQ==",
      "license": "MIT"
    }
  }
}
